
Microsoft Visual Studio Solution File, Format Version 12.00
# Visual Studio Version 16
VisualStudioVersion = 16.0.31829.152
MinimumVisualStudioVersion = 10.0.40219.1
Project("{FAE04EC0-301F-11D3-BF4B-00C04F79EFBC}") = "RecConv", "RecConv\RecConv.csproj", "{27A5CD98-B5AE-4CB1-BFE1-71AD096220A6}"
EndProject
Global
	GlobalSection(SolutionConfigurationPlatforms) = preSolution
		Debug|Any CPU = Debug|Any CPU
		Release|Any CPU = Release|Any CPU
	EndGlobalSection
	GlobalSection(ProjectConfigurationPlatforms) = postSolution
		{27A5CD98-B5AE-4CB1-BFE1-71AD096220A6}.Debug|Any CPU.ActiveCfg = Debug|Any CPU
		{27A5CD98-B5AE-4CB1-BFE1-71AD096220A6}.Debug|Any CPU.Build.0 = Debug|Any CPU
		{27A5CD98-B5AE-4CB1-BFE1-71AD096220A6}.Release|Any CPU.ActiveCfg = Release|Any CPU
		{27A5CD98-B5AE-4CB1-BFE1-71AD096220A6}.Release|Any CPU.Build.0 = Release|Any CPU
	EndGlobalSection
	GlobalSection(SolutionProperties) = preSolution
		HideSolutionNode = FALSE
	EndGlobalSection
	GlobalSection(ExtensibilityGlobals) = postSolution
		SolutionGuid = {5D28728B-4BAF-4D13-8E9A-06C4F88AC5F0}
	EndGlobalSection
EndGlobal
